
Microsoft Visual Studio Solution File, Format Version 12.00
# Visual Studio Version 17
VisualStudioVersion = 17.13.35931.197
MinimumVisualStudioVersion = 10.0.40219.1
Project("{FAE04EC0-301F-11D3-BF4B-00C04F79EFBC}") = "TiaMcpServer.Test", "TiaMcpServer.Test.csproj", "{75B73C6E-3ED2-71DE-B28D-E0CE4579D208}"
EndProject
Project("{FAE04EC0-301F-11D3-BF4B-00C04F79EFBC}") = "TiaMcpServer", "..\src\TiaMcpServer.csproj", "{9979E0D0-923F-F721-2D6E-3663C0D68B0F}"
EndProject
Global
	GlobalSection(SolutionConfigurationPlatforms) = preSolution
		Debug|Any CPU = Debug|Any CPU
		Release|Any CPU = Release|Any CPU
	EndGlobalSection
	GlobalSection(ProjectConfigurationPlatforms) = postSolution
		{75B73C6E-3ED2-71DE-B28D-E0CE4579D208}.Debug|Any CPU.ActiveCfg = Debug|Any CPU
		{75B73C6E-3ED2-71DE-B28D-E0CE4579D208}.Debug|Any CPU.Build.0 = Debug|Any CPU
		{75B73C6E-3ED2-71DE-B28D-E0CE4579D208}.Release|Any CPU.ActiveCfg = Release|Any CPU
		{75B73C6E-3ED2-71DE-B28D-E0CE4579D208}.Release|Any CPU.Build.0 = Release|Any CPU
		{9979E0D0-923F-F721-2D6E-3663C0D68B0F}.Debug|Any CPU.ActiveCfg = Debug|Any CPU
		{9979E0D0-923F-F721-2D6E-3663C0D68B0F}.Debug|Any CPU.Build.0 = Debug|Any CPU
		{9979E0D0-923F-F721-2D6E-3663C0D68B0F}.Release|Any CPU.ActiveCfg = Release|Any CPU
		{9979E0D0-923F-F721-2D6E-3663C0D68B0F}.Release|Any CPU.Build.0 = Release|Any CPU
	EndGlobalSection
	GlobalSection(SolutionProperties) = preSolution
		HideSolutionNode = FALSE
	EndGlobalSection
	GlobalSection(ExtensibilityGlobals) = postSolution
		SolutionGuid = {126264AE-6DBE-4666-9702-855C73562D58}
	EndGlobalSection
EndGlobal
