
Microsoft Visual Studio Solution File, Format Version 12.00
# Visual Studio Version 17
VisualStudioVersion = 17.14.36121.58
MinimumVisualStudioVersion = 10.0.40219.1
Project("{FAE04EC0-301F-11D3-BF4B-00C04F79EFBC}") = "TiaMcpServer", "TiaMcpServer.csproj", "{24A14361-CA52-4948-8202-D63D3003ED01}"
EndProject
Global
	GlobalSection(SolutionConfigurationPlatforms) = preSolution
		Debug|Any CPU = Debug|Any CPU
		Release|Any CPU = Release|Any CPU
	EndGlobalSection
	GlobalSection(ProjectConfigurationPlatforms) = postSolution
		{24A14361-CA52-4948-8202-D63D3003ED01}.Debug|Any CPU.ActiveCfg = Debug|Any CPU
		{24A14361-CA52-4948-8202-D63D3003ED01}.Debug|Any CPU.Build.0 = Debug|Any CPU
		{24A14361-CA52-4948-8202-D63D3003ED01}.Release|Any CPU.ActiveCfg = Release|Any CPU
		{24A14361-CA52-4948-8202-D63D3003ED01}.Release|Any CPU.Build.0 = Release|Any CPU
	EndGlobalSection
	GlobalSection(SolutionProperties) = preSolution
		HideSolutionNode = FALSE
	EndGlobalSection
	GlobalSection(ExtensibilityGlobals) = postSolution
		SolutionGuid = {ED785025-5389-44DC-B46E-1A01B7E270EB}
	EndGlobalSection
EndGlobal
